// !$*UTF8*$!
{
	archiveVersion = 1;
	classes = {
	};
	objectVersion = 46;
	objects = {

/* Begin PBXBuildFile section */
		15BCA98A1F0E12880052D79A /* FMCircleView.swift in Sources */ = {isa = PBXBuildFile; fileRef = 15BCA9881F0E12880052D79A /* FMCircleView.swift */; };
		15BCA98B1F0E12880052D79A /* FMRefreshCustom.swift in Sources */ = {isa = PBXBuildFile; fileRef = 15BCA9891F0E12880052D79A /* FMRefreshCustom.swift */; };
		15CD103B1F0C85A200A03C3A /* AppDelegate.swift in Sources */ = {isa = PBXBuildFile; fileRef = 15CD103A1F0C85A200A03C3A /* AppDelegate.swift */; };
		15CD103D1F0C85A200A03C3A /* ViewController.swift in Sources */ = {isa = PBXBuildFile; fileRef = 15CD103C1F0C85A200A03C3A /* ViewController.swift */; };
		15CD10401F0C85A200A03C3A /* Main.storyboard in Resources */ = {isa = PBXBuildFile; fileRef = 15CD103E1F0C85A200A03C3A /* Main.storyboard */; };
		15CD10421F0C85A200A03C3A /* Assets.xcassets in Resources */ = {isa = PBXBuildFile; fileRef = 15CD10411F0C85A200A03C3A /* Assets.xcassets */; };
		15CD10451F0C85A200A03C3A /* LaunchScreen.storyboard in Resources */ = {isa = PBXBuildFile; fileRef = 15CD10431F0C85A200A03C3A /* LaunchScreen.storyboard */; };
		15CD10591F0CEFE600A03C3A /* FMRefresh.swift in Sources */ = {isa = PBXBuildFile; fileRef = 15CD10551F0CEFE600A03C3A /* FMRefresh.swift */; };
		15CD105A1F0CEFE600A03C3A /* FMRefreshFooter.swift in Sources */ = {isa = PBXBuildFile; fileRef = 15CD10561F0CEFE600A03C3A /* FMRefreshFooter.swift */; };
		15CD105B1F0CEFE600A03C3A /* FMRefreshHeader.swift in Sources */ = {isa = PBXBuildFile; fileRef = 15CD10571F0CEFE600A03C3A /* FMRefreshHeader.swift */; };
		15CD105C1F0CEFE600A03C3A /* UIScrollView+Extension.swift in Sources */ = {isa = PBXBuildFile; fileRef = 15CD10581F0CEFE600A03C3A /* UIScrollView+Extension.swift */; };
/* End PBXBuildFile section */

/* Begin PBXFileReference section */
		15BCA9881F0E12880052D79A /* FMCircleView.swift */ = {isa = PBXFileReference; fileEncoding = 4; lastKnownFileType = sourcecode.swift; path = FMCircleView.swift; sourceTree = "<group>"; };
		15BCA9891F0E12880052D79A /* FMRefreshCustom.swift */ = {isa = PBXFileReference; fileEncoding = 4; lastKnownFileType = sourcecode.swift; path = FMRefreshCustom.swift; sourceTree = "<group>"; };
		15CD10371F0C85A200A03C3A /* FMRefresh.app */ = {isa = PBXFileReference; explicitFileType = wrapper.application; includeInIndex = 0; path = FMRefresh.app; sourceTree = BUILT_PRODUCTS_DIR; };
		15CD103A1F0C85A200A03C3A /* AppDelegate.swift */ = {isa = PBXFileReference; lastKnownFileType = sourcecode.swift; path = AppDelegate.swift; sourceTree = "<group>"; };
		15CD103C1F0C85A200A03C3A /* ViewController.swift */ = {isa = PBXFileReference; lastKnownFileType = sourcecode.swift; path = ViewController.swift; sourceTree = "<group>"; };
		15CD103F1F0C85A200A03C3A /* Base */ = {isa = PBXFileReference; lastKnownFileType = file.storyboard; name = Base; path = Base.lproj/Main.storyboard; sourceTree = "<group>"; };
		15CD10411F0C85A200A03C3A /* Assets.xcassets */ = {isa = PBXFileReference; lastKnownFileType = folder.assetcatalog; path = Assets.xcassets; sourceTree = "<group>"; };
		15CD10441F0C85A200A03C3A /* Base */ = {isa = PBXFileReference; lastKnownFileType = file.storyboard; name = Base; path = Base.lproj/LaunchScreen.storyboard; sourceTree = "<group>"; };
		15CD10461F0C85A200A03C3A /* Info.plist */ = {isa = PBXFileReference; lastKnownFileType = text.plist.xml; path = Info.plist; sourceTree = "<group>"; };
		15CD10551F0CEFE600A03C3A /* FMRefresh.swift */ = {isa = PBXFileReference; fileEncoding = 4; lastKnownFileType = sourcecode.swift; path = FMRefresh.swift; sourceTree = "<group>"; };
		15CD10561F0CEFE600A03C3A /* FMRefreshFooter.swift */ = {isa = PBXFileReference; fileEncoding = 4; lastKnownFileType = sourcecode.swift; path = FMRefreshFooter.swift; sourceTree = "<group>"; };
		15CD10571F0CEFE600A03C3A /* FMRefreshHeader.swift */ = {isa = PBXFileReference; fileEncoding = 4; lastKnownFileType = sourcecode.swift; path = FMRefreshHeader.swift; sourceTree = "<group>"; };
		15CD10581F0CEFE600A03C3A /* UIScrollView+Extension.swift */ = {isa = PBXFileReference; fileEncoding = 4; lastKnownFileType = sourcecode.swift; path = "UIScrollView+Extension.swift"; sourceTree = "<group>"; };
/* End PBXFileReference section */

/* Begin PBXFrameworksBuildPhase section */
		15CD10341F0C85A200A03C3A /* Frameworks */ = {
			isa = PBXFrameworksBuildPhase;
			buildActionMask = 2147483647;
			files = (
			);
			runOnlyForDeploymentPostprocessing = 0;
		};
/* End PBXFrameworksBuildPhase section */

/* Begin PBXGroup section */
		15CD102E1F0C85A200A03C3A = {
			isa = PBXGroup;
			children = (
				15CD10391F0C85A200A03C3A /* FMRefresh */,
				15CD10381F0C85A200A03C3A /* Products */,
			);
			sourceTree = "<group>";
		};
		15CD10381F0C85A200A03C3A /* Products */ = {
			isa = PBXGroup;
			children = (
				15CD10371F0C85A200A03C3A /* FMRefresh.app */,
			);
			name = Products;
			sourceTree = "<group>";
		};
		15CD10391F0C85A200A03C3A /* FMRefresh */ = {
			isa = PBXGroup;
			children = (
				15CD10541F0CEFE600A03C3A /* Class */,
				15CD103A1F0C85A200A03C3A /* AppDelegate.swift */,
				15CD103C1F0C85A200A03C3A /* ViewController.swift */,
				15BCA9881F0E12880052D79A /* FMCircleView.swift */,
				15BCA9891F0E12880052D79A /* FMRefreshCustom.swift */,
				15CD103E1F0C85A200A03C3A /* Main.storyboard */,
				15CD10411F0C85A200A03C3A /* Assets.xcassets */,
				15CD10431F0C85A200A03C3A /* LaunchScreen.storyboard */,
				15CD10461F0C85A200A03C3A /* Info.plist */,
			);
			path = FMRefresh;
			sourceTree = "<group>";
		};
		15CD10541F0CEFE600A03C3A /* Class */ = {
			isa = PBXGroup;
			children = (
				15CD10551F0CEFE600A03C3A /* FMRefresh.swift */,
				15CD10561F0CEFE600A03C3A /* FMRefreshFooter.swift */,
				15CD10571F0CEFE600A03C3A /* FMRefreshHeader.swift */,
				15CD10581F0CEFE600A03C3A /* UIScrollView+Extension.swift */,
			);
			path = Class;
			sourceTree = SOURCE_ROOT;
		};
/* End PBXGroup section */

/* Begin PBXNativeTarget section */
		15CD10361F0C85A200A03C3A /* FMRefresh */ = {
			isa = PBXNativeTarget;
			buildConfigurationList = 15CD10491F0C85A200A03C3A /* Build configuration list for PBXNativeTarget "FMRefresh" */;
			buildPhases = (
				15CD10331F0C85A200A03C3A /* Sources */,
				15CD10341F0C85A200A03C3A /* Frameworks */,
				15CD10351F0C85A200A03C3A /* Resources */,
			);
			buildRules = (
			);
			dependencies = (
			);
			name = FMRefresh;
			productName = FMRefresh;
			productReference = 15CD10371F0C85A200A03C3A /* FMRefresh.app */;
			productType = "com.apple.product-type.application";
		};
/* End PBXNativeTarget section */

/* Begin PBXProject section */
		15CD102F1F0C85A200A03C3A /* Project object */ = {
			isa = PBXProject;
			attributes = {
				LastSwiftUpdateCheck = 0820;
				LastUpgradeCheck = 0820;
				ORGANIZATIONNAME = "周发明";
				TargetAttributes = {
					15CD10361F0C85A200A03C3A = {
						CreatedOnToolsVersion = 8.2;
						DevelopmentTeam = 5FVZG33394;
						ProvisioningStyle = Automatic;
					};
				};
			};
			buildConfigurationList = 15CD10321F0C85A200A03C3A /* Build configuration list for PBXProject "FMRefresh" */;
			compatibilityVersion = "Xcode 3.2";
			developmentRegion = English;
			hasScannedForEncodings = 0;
			knownRegions = (
				en,
				Base,
			);
			mainGroup = 15CD102E1F0C85A200A03C3A;
			productRefGroup = 15CD10381F0C85A200A03C3A /* Products */;
			projectDirPath = "";
			projectRoot = "";
			targets = (
				15CD10361F0C85A200A03C3A /* FMRefresh */,
			);
		};
/* End PBXProject section */

/* Begin PBXResourcesBuildPhase section */
		15CD10351F0C85A200A03C3A /* Resources */ = {
			isa = PBXResourcesBuildPhase;
			buildActionMask = 2147483647;
			files = (
				15CD10451F0C85A200A03C3A /* LaunchScreen.storyboard in Resources */,
				15CD10421F0C85A200A03C3A /* Assets.xcassets in Resources */,
				15CD10401F0C85A200A03C3A /* Main.storyboard in Resources */,
			);
			runOnlyForDeploymentPostprocessing = 0;
		};
/* End PBXResourcesBuildPhase section */

/* Begin PBXSourcesBuildPhase section */
		15CD10331F0C85A200A03C3A /* Sources */ = {
			isa = PBXSourcesBuildPhase;
			buildActionMask = 2147483647;
			files = (
				15BCA98A1F0E12880052D79A /* FMCircleView.swift in Sources */,
				15CD105B1F0CEFE600A03C3A /* FMRefreshHeader.swift in Sources */,
				15CD105C1F0CEFE600A03C3A /* UIScrollView+Extension.swift in Sources */,
				15CD103D1F0C85A200A03C3A /* ViewController.swift in Sources */,
				15CD105A1F0CEFE600A03C3A /* FMRefreshFooter.swift in Sources */,
				15BCA98B1F0E12880052D79A /* FMRefreshCustom.swift in Sources */,
				15CD10591F0CEFE600A03C3A /* FMRefresh.swift in Sources */,
				15CD103B1F0C85A200A03C3A /* AppDelegate.swift in Sources */,
			);
			runOnlyForDeploymentPostprocessing = 0;
		};
/* End PBXSourcesBuildPhase section */

/* Begin PBXVariantGroup section */
		15CD103E1F0C85A200A03C3A /* Main.storyboard */ = {
			isa = PBXVariantGroup;
			children = (
				15CD103F1F0C85A200A03C3A /* Base */,
			);
			name = Main.storyboard;
			sourceTree = "<group>";
		};
		15CD10431F0C85A200A03C3A /* LaunchScreen.storyboard */ = {
			isa = PBXVariantGroup;
			children = (
				15CD10441F0C85A200A03C3A /* Base */,
			);
			name = LaunchScreen.storyboard;
			sourceTree = "<group>";
		};
/* End PBXVariantGroup section */

/* Begin XCBuildConfiguration section */
		15CD10471F0C85A200A03C3A /* Debug */ = {
			isa = XCBuildConfiguration;
			buildSettings = {
				ALWAYS_SEARCH_USER_PATHS = NO;
				CLANG_ANALYZER_NONNULL = YES;
				CLANG_CXX_LANGUAGE_STANDARD = "gnu++0x";
				CLANG_CXX_LIBRARY = "libc++";
				CLANG_ENABLE_MODULES = YES;
				CLANG_ENABLE_OBJC_ARC = YES;
				CLANG_WARN_BOOL_CONVERSION = YES;
				CLANG_WARN_CONSTANT_CONVERSION = YES;
				CLANG_WARN_DIRECT_OBJC_ISA_USAGE = YES_ERROR;
				CLANG_WARN_DOCUMENTATION_COMMENTS = YES;
				CLANG_WARN_EMPTY_BODY = YES;
				CLANG_WARN_ENUM_CONVERSION = YES;
				CLANG_WARN_INFINITE_RECURSION = YES;
				CLANG_WARN_INT_CONVERSION = YES;
				CLANG_WARN_OBJC_ROOT_CLASS = YES_ERROR;
				CLANG_WARN_SUSPICIOUS_MOVE = YES;
				CLANG_WARN_UNREACHABLE_CODE = YES;
				CLANG_WARN__DUPLICATE_METHOD_MATCH = YES;
				"CODE_SIGN_IDENTITY[sdk=iphoneos*]" = "iPhone Developer";
				COPY_PHASE_STRIP = NO;
				DEBUG_INFORMATION_FORMAT = dwarf;
				ENABLE_STRICT_OBJC_MSGSEND = YES;
				ENABLE_TESTABILITY = YES;
				GCC_C_LANGUAGE_STANDARD = gnu99;
				GCC_DYNAMIC_NO_PIC = NO;
				GCC_NO_COMMON_BLOCKS = YES;
				GCC_OPTIMIZATION_LEVEL = 0;
				GCC_PREPROCESSOR_DEFINITIONS = (
					"DEBUG=1",
					"$(inherited)",
				);
				GCC_WARN_64_TO_32_BIT_CONVERSION = YES;
				GCC_WARN_ABOUT_RETURN_TYPE = YES_ERROR;
				GCC_WARN_UNDECLARED_SELECTOR = YES;
				GCC_WARN_UNINITIALIZED_AUTOS = YES_AGGRESSIVE;
				GCC_WARN_UNUSED_FUNCTION = YES;
				GCC_WARN_UNUSED_VARIABLE = YES;
				IPHONEOS_DEPLOYMENT_TARGET = 10.2;
				MTL_ENABLE_DEBUG_INFO = YES;
				ONLY_ACTIVE_ARCH = YES;
				SDKROOT = iphoneos;
				SWIFT_ACTIVE_COMPILATION_CONDITIONS = DEBUG;
				SWIFT_OPTIMIZATION_LEVEL = "-Onone";
			};
			name = Debug;
		};
		15CD10481F0C85A200A03C3A /* Release */ = {
			isa = XCBuildConfiguration;
			buildSettings = {
				ALWAYS_SEARCH_USER_PATHS = NO;
				CLANG_ANALYZER_NONNULL = YES;
				CLANG_CXX_LANGUAGE_STANDARD = "gnu++0x";
				CLANG_CXX_LIBRARY = "libc++";
				CLANG_ENABLE_MODULES = YES;
				CLANG_ENABLE_OBJC_ARC = YES;
				CLANG_WARN_BOOL_CONVERSION = YES;
				CLANG_WARN_CONSTANT_CONVERSION = YES;
				CLANG_WARN_DIRECT_OBJC_ISA_USAGE = YES_ERROR;
				CLANG_WARN_DOCUMENTATION_COMMENTS = YES;
				CLANG_WARN_EMPTY_BODY = YES;
				CLANG_WARN_ENUM_CONVERSION = YES;
				CLANG_WARN_INFINITE_RECURSION = YES;
				CLANG_WARN_INT_CONVERSION = YES;
				CLANG_WARN_OBJC_ROOT_CLASS = YES_ERROR;
				CLANG_WARN_SUSPICIOUS_MOVE = YES;
				CLANG_WARN_UNREACHABLE_CODE = YES;
				CLANG_WARN__DUPLICATE_METHOD_MATCH = YES;
				"CODE_SIGN_IDENTITY[sdk=iphoneos*]" = "iPhone Developer";
				COPY_PHASE_STRIP = NO;
				DEBUG_INFORMATION_FORMAT = "dwarf-with-dsym";
				ENABLE_NS_ASSERTIONS = NO;
				ENABLE_STRICT_OBJC_MSGSEND = YES;
				GCC_C_LANGUAGE_STANDARD = gnu99;
				GCC_NO_COMMON_BLOCKS = YES;
				GCC_WARN_64_TO_32_BIT_CONVERSION = YES;
				GCC_WARN_ABOUT_RETURN_TYPE = YES_ERROR;
				GCC_WARN_UNDECLARED_SELECTOR = YES;
				GCC_WARN_UNINITIALIZED_AUTOS = YES_AGGRESSIVE;
				GCC_WARN_UNUSED_FUNCTION = YES;
				GCC_WARN_UNUSED_VARIABLE = YES;
				IPHONEOS_DEPLOYMENT_TARGET = 10.2;
				MTL_ENABLE_DEBUG_INFO = NO;
				SDKROOT = iphoneos;
				SWIFT_OPTIMIZATION_LEVEL = "-Owholemodule";
				VALIDATE_PRODUCT = YES;
			};
			name = Release;
		};
		15CD104A1F0C85A200A03C3A /* Debug */ = {
			isa = XCBuildConfiguration;
			buildSettings = {
				ASSETCATALOG_COMPILER_APPICON_NAME = AppIcon;
				DEVELOPMENT_TEAM = 5FVZG33394;
				INFOPLIST_FILE = FMRefresh/Info.plist;
				IPHONEOS_DEPLOYMENT_TARGET = 8.0;
				LD_RUNPATH_SEARCH_PATHS = "$(inherited) @executable_path/Frameworks";
				PRODUCT_BUNDLE_IDENTIFIER = com.zfm.FMRefresh;
				PRODUCT_NAME = "$(TARGET_NAME)";
				SWIFT_VERSION = 3.0;
			};
			name = Debug;
		};
		15CD104B1F0C85A200A03C3A /* Release */ = {
			isa = XCBuildConfiguration;
			buildSettings = {
				ASSETCATALOG_COMPILER_APPICON_NAME = AppIcon;
				DEVELOPMENT_TEAM = 5FVZG33394;
				INFOPLIST_FILE = FMRefresh/Info.plist;
				IPHONEOS_DEPLOYMENT_TARGET = 8.0;
				LD_RUNPATH_SEARCH_PATHS = "$(inherited) @executable_path/Frameworks";
				PRODUCT_BUNDLE_IDENTIFIER = com.zfm.FMRefresh;
				PRODUCT_NAME = "$(TARGET_NAME)";
				SWIFT_VERSION = 3.0;
			};
			name = Release;
		};
/* End XCBuildConfiguration section */

/* Begin XCConfigurationList section */
		15CD10321F0C85A200A03C3A /* Build configuration list for PBXProject "FMRefresh" */ = {
			isa = XCConfigurationList;
			buildConfigurations = (
				15CD10471F0C85A200A03C3A /* Debug */,
				15CD10481F0C85A200A03C3A /* Release */,
			);
			defaultConfigurationIsVisible = 0;
			defaultConfigurationName = Release;
		};
		15CD10491F0C85A200A03C3A /* Build configuration list for PBXNativeTarget "FMRefresh" */ = {
			isa = XCConfigurationList;
			buildConfigurations = (
				15CD104A1F0C85A200A03C3A /* Debug */,
				15CD104B1F0C85A200A03C3A /* Release */,
			);
			defaultConfigurationIsVisible = 0;
			defaultConfigurationName = Release;
		};
/* End XCConfigurationList section */
	};
	rootObject = 15CD102F1F0C85A200A03C3A /* Project object */;
}
